
Microsoft Visual Studio Solution File, Format Version 12.00
# Visual Studio Version 17
VisualStudioVersion = 17.13.35825.156 d17.13
MinimumVisualStudioVersion = 10.0.40219.1
Project("{FAE04EC0-301F-11D3-BF4B-00C04F79EFBC}") = "Test2", "Test2\Test2.csproj", "{17EE7066-F541-46EB-8326-50C439603BB2}"
EndProject
Global
	GlobalSection(SolutionConfigurationPlatforms) = preSolution
		Debug|Any CPU = Debug|Any CPU
		Release|Any CPU = Release|Any CPU
	EndGlobalSection
	GlobalSection(ProjectConfigurationPlatforms) = postSolution
		{17EE7066-F541-46EB-8326-50C439603BB2}.Debug|Any CPU.ActiveCfg = Debug|Any CPU
		{17EE7066-F541-46EB-8326-50C439603BB2}.Debug|Any CPU.Build.0 = Debug|Any CPU
		{17EE7066-F541-46EB-8326-50C439603BB2}.Release|Any CPU.ActiveCfg = Release|Any CPU
		{17EE7066-F541-46EB-8326-50C439603BB2}.Release|Any CPU.Build.0 = Release|Any CPU
	EndGlobalSection
	GlobalSection(SolutionProperties) = preSolution
		HideSolutionNode = FALSE
	EndGlobalSection
	GlobalSection(ExtensibilityGlobals) = postSolution
		SolutionGuid = {2BDED8DF-150D-470A-8407-91EEBC541589}
	EndGlobalSection
EndGlobal
